
Microsoft Visual Studio Solution File, Format Version 12.00
# Visual Studio Version 17
VisualStudioVersion = 17.14.36202.13 d17.14
MinimumVisualStudioVersion = 10.0.40219.1
Project("{FAE04EC0-301F-11D3-BF4B-00C04F79EFBC}") = "FirstPersonASCII", "FirstPersonASCII\FirstPersonASCII.csproj", "{EAE39299-45A6-4AEE-9871-7B8E4124D775}"
EndProject
Global
	GlobalSection(SolutionConfigurationPlatforms) = preSolution
		Debug|Any CPU = Debug|Any CPU
		Release|Any CPU = Release|Any CPU
	EndGlobalSection
	GlobalSection(ProjectConfigurationPlatforms) = postSolution
		{EAE39299-45A6-4AEE-9871-7B8E4124D775}.Debug|Any CPU.ActiveCfg = Debug|Any CPU
		{EAE39299-45A6-4AEE-9871-7B8E4124D775}.Debug|Any CPU.Build.0 = Debug|Any CPU
		{EAE39299-45A6-4AEE-9871-7B8E4124D775}.Release|Any CPU.ActiveCfg = Release|Any CPU
		{EAE39299-45A6-4AEE-9871-7B8E4124D775}.Release|Any CPU.Build.0 = Release|Any CPU
	EndGlobalSection
	GlobalSection(SolutionProperties) = preSolution
		HideSolutionNode = FALSE
	EndGlobalSection
	GlobalSection(ExtensibilityGlobals) = postSolution
		SolutionGuid = {C399A1DC-9D80-4A25-B14F-0E515E9A275C}
	EndGlobalSection
EndGlobal
